// !$*UTF8*$!
{
	archiveVersion = 1;
	classes = {
	};
	objectVersion = 50;
	objects = {

/* Begin PBXBuildFile section */
		C068CD8D25EAB787001C5AA9 /* ScanAndRecognizeTextApp.swift in Sources */ = {isa = PBXBuildFile; fileRef = C068CD8C25EAB787001C5AA9 /* ScanAndRecognizeTextApp.swift */; };
		C068CD8F25EAB787001C5AA9 /* ContentView.swift in Sources */ = {isa = PBXBuildFile; fileRef = C068CD8E25EAB787001C5AA9 /* ContentView.swift */; };
		C068CD9125EAB78A001C5AA9 /* Assets.xcassets in Resources */ = {isa = PBXBuildFile; fileRef = C068CD9025EAB78A001C5AA9 /* Assets.xcassets */; };
		C068CD9425EAB78A001C5AA9 /* Preview Assets.xcassets in Resources */ = {isa = PBXBuildFile; fileRef = C068CD9325EAB78A001C5AA9 /* Preview Assets.xcassets */; };
		C068CD9D25EAB824001C5AA9 /* TextPreviewView.swift in Sources */ = {isa = PBXBuildFile; fileRef = C068CD9C25EAB824001C5AA9 /* TextPreviewView.swift */; };
		C068CDA225EABAE0001C5AA9 /* ScannerView.swift in Sources */ = {isa = PBXBuildFile; fileRef = C068CDA125EABAE0001C5AA9 /* ScannerView.swift */; };
		C068CDA625EAC098001C5AA9 /* Model.swift in Sources */ = {isa = PBXBuildFile; fileRef = C068CDA525EAC098001C5AA9 /* Model.swift */; };
		C068CDA925EAC9B7001C5AA9 /* TextRecognition.swift in Sources */ = {isa = PBXBuildFile; fileRef = C068CDA825EAC9B7001C5AA9 /* TextRecognition.swift */; };
/* End PBXBuildFile section */

/* Begin PBXFileReference section */
		C068CD8925EAB787001C5AA9 /* ScanAndRecognizeText.app */ = {isa = PBXFileReference; explicitFileType = wrapper.application; includeInIndex = 0; path = ScanAndRecognizeText.app; sourceTree = BUILT_PRODUCTS_DIR; };
		C068CD8C25EAB787001C5AA9 /* ScanAndRecognizeTextApp.swift */ = {isa = PBXFileReference; lastKnownFileType = sourcecode.swift; path = ScanAndRecognizeTextApp.swift; sourceTree = "<group>"; };
		C068CD8E25EAB787001C5AA9 /* ContentView.swift */ = {isa = PBXFileReference; lastKnownFileType = sourcecode.swift; path = ContentView.swift; sourceTree = "<group>"; };
		C068CD9025EAB78A001C5AA9 /* Assets.xcassets */ = {isa = PBXFileReference; lastKnownFileType = folder.assetcatalog; path = Assets.xcassets; sourceTree = "<group>"; };
		C068CD9325EAB78A001C5AA9 /* Preview Assets.xcassets */ = {isa = PBXFileReference; lastKnownFileType = folder.assetcatalog; path = "Preview Assets.xcassets"; sourceTree = "<group>"; };
		C068CD9525EAB78A001C5AA9 /* Info.plist */ = {isa = PBXFileReference; lastKnownFileType = text.plist.xml; path = Info.plist; sourceTree = "<group>"; };
		C068CD9C25EAB824001C5AA9 /* TextPreviewView.swift */ = {isa = PBXFileReference; lastKnownFileType = sourcecode.swift; path = TextPreviewView.swift; sourceTree = "<group>"; };
		C068CDA125EABAE0001C5AA9 /* ScannerView.swift */ = {isa = PBXFileReference; lastKnownFileType = sourcecode.swift; path = ScannerView.swift; sourceTree = "<group>"; };
		C068CDA525EAC098001C5AA9 /* Model.swift */ = {isa = PBXFileReference; lastKnownFileType = sourcecode.swift; path = Model.swift; sourceTree = "<group>"; };
		C068CDA825EAC9B7001C5AA9 /* TextRecognition.swift */ = {isa = PBXFileReference; lastKnownFileType = sourcecode.swift; path = TextRecognition.swift; sourceTree = "<group>"; };
/* End PBXFileReference section */

/* Begin PBXFrameworksBuildPhase section */
		C068CD8625EAB787001C5AA9 /* Frameworks */ = {
			isa = PBXFrameworksBuildPhase;
			buildActionMask = 2147483647;
			files = (
			);
			runOnlyForDeploymentPostprocessing = 0;
		};
/* End PBXFrameworksBuildPhase section */

/* Begin PBXGroup section */
		C068CD8025EAB786001C5AA9 = {
			isa = PBXGroup;
			children = (
				C068CD8B25EAB787001C5AA9 /* ScanAndRecognizeText */,
				C068CD8A25EAB787001C5AA9 /* Products */,
			);
			sourceTree = "<group>";
		};
		C068CD8A25EAB787001C5AA9 /* Products */ = {
			isa = PBXGroup;
			children = (
				C068CD8925EAB787001C5AA9 /* ScanAndRecognizeText.app */,
			);
			name = Products;
			sourceTree = "<group>";
		};
		C068CD8B25EAB787001C5AA9 /* ScanAndRecognizeText */ = {
			isa = PBXGroup;
			children = (
				C068CD8C25EAB787001C5AA9 /* ScanAndRecognizeTextApp.swift */,
				C068CD8E25EAB787001C5AA9 /* ContentView.swift */,
				C068CD9C25EAB824001C5AA9 /* TextPreviewView.swift */,
				C068CDA525EAC098001C5AA9 /* Model.swift */,
				C068CDA125EABAE0001C5AA9 /* ScannerView.swift */,
				C068CDA825EAC9B7001C5AA9 /* TextRecognition.swift */,
				C068CD9025EAB78A001C5AA9 /* Assets.xcassets */,
				C068CD9525EAB78A001C5AA9 /* Info.plist */,
				C068CD9225EAB78A001C5AA9 /* Preview Content */,
			);
			path = ScanAndRecognizeText;
			sourceTree = "<group>";
		};
		C068CD9225EAB78A001C5AA9 /* Preview Content */ = {
			isa = PBXGroup;
			children = (
				C068CD9325EAB78A001C5AA9 /* Preview Assets.xcassets */,
			);
			path = "Preview Content";
			sourceTree = "<group>";
		};
/* End PBXGroup section */

/* Begin PBXNativeTarget section */
		C068CD8825EAB787001C5AA9 /* ScanAndRecognizeText */ = {
			isa = PBXNativeTarget;
			buildConfigurationList = C068CD9825EAB78A001C5AA9 /* Build configuration list for PBXNativeTarget "ScanAndRecognizeText" */;
			buildPhases = (
				C068CD8525EAB787001C5AA9 /* Sources */,
				C068CD8625EAB787001C5AA9 /* Frameworks */,
				C068CD8725EAB787001C5AA9 /* Resources */,
			);
			buildRules = (
			);
			dependencies = (
			);
			name = ScanAndRecognizeText;
			productName = ScanAndRecognizeText;
			productReference = C068CD8925EAB787001C5AA9 /* ScanAndRecognizeText.app */;
			productType = "com.apple.product-type.application";
		};
/* End PBXNativeTarget section */

/* Begin PBXProject section */
		C068CD8125EAB786001C5AA9 /* Project object */ = {
			isa = PBXProject;
			attributes = {
				LastSwiftUpdateCheck = 1240;
				LastUpgradeCheck = 1240;
				TargetAttributes = {
					C068CD8825EAB787001C5AA9 = {
						CreatedOnToolsVersion = 12.4;
					};
				};
			};
			buildConfigurationList = C068CD8425EAB787001C5AA9 /* Build configuration list for PBXProject "ScanAndRecognizeText" */;
			compatibilityVersion = "Xcode 9.3";
			developmentRegion = en;
			hasScannedForEncodings = 0;
			knownRegions = (
				en,
				Base,
			);
			mainGroup = C068CD8025EAB786001C5AA9;
			productRefGroup = C068CD8A25EAB787001C5AA9 /* Products */;
			projectDirPath = "";
			projectRoot = "";
			targets = (
				C068CD8825EAB787001C5AA9 /* ScanAndRecognizeText */,
			);
		};
/* End PBXProject section */

/* Begin PBXResourcesBuildPhase section */
		C068CD8725EAB787001C5AA9 /* Resources */ = {
			isa = PBXResourcesBuildPhase;
			buildActionMask = 2147483647;
			files = (
				C068CD9425EAB78A001C5AA9 /* Preview Assets.xcassets in Resources */,
				C068CD9125EAB78A001C5AA9 /* Assets.xcassets in Resources */,
			);
			runOnlyForDeploymentPostprocessing = 0;
		};
/* End PBXResourcesBuildPhase section */

/* Begin PBXSourcesBuildPhase section */
		C068CD8525EAB787001C5AA9 /* Sources */ = {
			isa = PBXSourcesBuildPhase;
			buildActionMask = 2147483647;
			files = (
				C068CDA625EAC098001C5AA9 /* Model.swift in Sources */,
				C068CD8F25EAB787001C5AA9 /* ContentView.swift in Sources */,
				C068CDA225EABAE0001C5AA9 /* ScannerView.swift in Sources */,
				C068CD9D25EAB824001C5AA9 /* TextPreviewView.swift in Sources */,
				C068CDA925EAC9B7001C5AA9 /* TextRecognition.swift in Sources */,
				C068CD8D25EAB787001C5AA9 /* ScanAndRecognizeTextApp.swift in Sources */,
			);
			runOnlyForDeploymentPostprocessing = 0;
		};
/* End PBXSourcesBuildPhase section */

/* Begin XCBuildConfiguration section */
		C068CD9625EAB78A001C5AA9 /* Debug */ = {
			isa = XCBuildConfiguration;
			buildSettings = {
				ALWAYS_SEARCH_USER_PATHS = NO;
				CLANG_ANALYZER_NONNULL = YES;
				CLANG_ANALYZER_NUMBER_OBJECT_CONVERSION = YES_AGGRESSIVE;
				CLANG_CXX_LANGUAGE_STANDARD = "gnu++14";
				CLANG_CXX_LIBRARY = "libc++";
				CLANG_ENABLE_MODULES = YES;
				CLANG_ENABLE_OBJC_ARC = YES;
				CLANG_ENABLE_OBJC_WEAK = YES;
				CLANG_WARN_BLOCK_CAPTURE_AUTORELEASING = YES;
				CLANG_WARN_BOOL_CONVERSION = YES;
				CLANG_WARN_COMMA = YES;
				CLANG_WARN_CONSTANT_CONVERSION = YES;
				CLANG_WARN_DEPRECATED_OBJC_IMPLEMENTATIONS = YES;
				CLANG_WARN_DIRECT_OBJC_ISA_USAGE = YES_ERROR;
				CLANG_WARN_DOCUMENTATION_COMMENTS = YES;
				CLANG_WARN_EMPTY_BODY = YES;
				CLANG_WARN_ENUM_CONVERSION = YES;
				CLANG_WARN_INFINITE_RECURSION = YES;
				CLANG_WARN_INT_CONVERSION = YES;
				CLANG_WARN_NON_LITERAL_NULL_CONVERSION = YES;
				CLANG_WARN_OBJC_IMPLICIT_RETAIN_SELF = YES;
				CLANG_WARN_OBJC_LITERAL_CONVERSION = YES;
				CLANG_WARN_OBJC_ROOT_CLASS = YES_ERROR;
				CLANG_WARN_QUOTED_INCLUDE_IN_FRAMEWORK_HEADER = YES;
				CLANG_WARN_RANGE_LOOP_ANALYSIS = YES;
				CLANG_WARN_STRICT_PROTOTYPES = YES;
				CLANG_WARN_SUSPICIOUS_MOVE = YES;
				CLANG_WARN_UNGUARDED_AVAILABILITY = YES_AGGRESSIVE;
				CLANG_WARN_UNREACHABLE_CODE = YES;
				CLANG_WARN__DUPLICATE_METHOD_MATCH = YES;
				COPY_PHASE_STRIP = NO;
				DEBUG_INFORMATION_FORMAT = dwarf;
				ENABLE_STRICT_OBJC_MSGSEND = YES;
				ENABLE_TESTABILITY = YES;
				GCC_C_LANGUAGE_STANDARD = gnu11;
				GCC_DYNAMIC_NO_PIC = NO;
				GCC_NO_COMMON_BLOCKS = YES;
				GCC_OPTIMIZATION_LEVEL = 0;
				GCC_PREPROCESSOR_DEFINITIONS = (
					"DEBUG=1",
					"$(inherited)",
				);
				GCC_WARN_64_TO_32_BIT_CONVERSION = YES;
				GCC_WARN_ABOUT_RETURN_TYPE = YES_ERROR;
				GCC_WARN_UNDECLARED_SELECTOR = YES;
				GCC_WARN_UNINITIALIZED_AUTOS = YES_AGGRESSIVE;
				GCC_WARN_UNUSED_FUNCTION = YES;
				GCC_WARN_UNUSED_VARIABLE = YES;
				IPHONEOS_DEPLOYMENT_TARGET = 14.4;
				MTL_ENABLE_DEBUG_INFO = INCLUDE_SOURCE;
				MTL_FAST_MATH = YES;
				ONLY_ACTIVE_ARCH = YES;
				SDKROOT = iphoneos;
				SWIFT_ACTIVE_COMPILATION_CONDITIONS = DEBUG;
				SWIFT_OPTIMIZATION_LEVEL = "-Onone";
			};
			name = Debug;
		};
		C068CD9725EAB78A001C5AA9 /* Release */ = {
			isa = XCBuildConfiguration;
			buildSettings = {
				ALWAYS_SEARCH_USER_PATHS = NO;
				CLANG_ANALYZER_NONNULL = YES;
				CLANG_ANALYZER_NUMBER_OBJECT_CONVERSION = YES_AGGRESSIVE;
				CLANG_CXX_LANGUAGE_STANDARD = "gnu++14";
				CLANG_CXX_LIBRARY = "libc++";
				CLANG_ENABLE_MODULES = YES;
				CLANG_ENABLE_OBJC_ARC = YES;
				CLANG_ENABLE_OBJC_WEAK = YES;
				CLANG_WARN_BLOCK_CAPTURE_AUTORELEASING = YES;
				CLANG_WARN_BOOL_CONVERSION = YES;
				CLANG_WARN_COMMA = YES;
				CLANG_WARN_CONSTANT_CONVERSION = YES;
				CLANG_WARN_DEPRECATED_OBJC_IMPLEMENTATIONS = YES;
				CLANG_WARN_DIRECT_OBJC_ISA_USAGE = YES_ERROR;
				CLANG_WARN_DOCUMENTATION_COMMENTS = YES;
				CLANG_WARN_EMPTY_BODY = YES;
				CLANG_WARN_ENUM_CONVERSION = YES;
				CLANG_WARN_INFINITE_RECURSION = YES;
				CLANG_WARN_INT_CONVERSION = YES;
				CLANG_WARN_NON_LITERAL_NULL_CONVERSION = YES;
				CLANG_WARN_OBJC_IMPLICIT_RETAIN_SELF = YES;
				CLANG_WARN_OBJC_LITERAL_CONVERSION = YES;
				CLANG_WARN_OBJC_ROOT_CLASS = YES_ERROR;
				CLANG_WARN_QUOTED_INCLUDE_IN_FRAMEWORK_HEADER = YES;
				CLANG_WARN_RANGE_LOOP_ANALYSIS = YES;
				CLANG_WARN_STRICT_PROTOTYPES = YES;
				CLANG_WARN_SUSPICIOUS_MOVE = YES;
				CLANG_WARN_UNGUARDED_AVAILABILITY = YES_AGGRESSIVE;
				CLANG_WARN_UNREACHABLE_CODE = YES;
				CLANG_WARN__DUPLICATE_METHOD_MATCH = YES;
				COPY_PHASE_STRIP = NO;
				DEBUG_INFORMATION_FORMAT = "dwarf-with-dsym";
				ENABLE_NS_ASSERTIONS = NO;
				ENABLE_STRICT_OBJC_MSGSEND = YES;
				GCC_C_LANGUAGE_STANDARD = gnu11;
				GCC_NO_COMMON_BLOCKS = YES;
				GCC_WARN_64_TO_32_BIT_CONVERSION = YES;
				GCC_WARN_ABOUT_RETURN_TYPE = YES_ERROR;
				GCC_WARN_UNDECLARED_SELECTOR = YES;
				GCC_WARN_UNINITIALIZED_AUTOS = YES_AGGRESSIVE;
				GCC_WARN_UNUSED_FUNCTION = YES;
				GCC_WARN_UNUSED_VARIABLE = YES;
				IPHONEOS_DEPLOYMENT_TARGET = 14.4;
				MTL_ENABLE_DEBUG_INFO = NO;
				MTL_FAST_MATH = YES;
				SDKROOT = iphoneos;
				SWIFT_COMPILATION_MODE = wholemodule;
				SWIFT_OPTIMIZATION_LEVEL = "-O";
				VALIDATE_PRODUCT = YES;
			};
			name = Release;
		};
		C068CD9925EAB78A001C5AA9 /* Debug */ = {
			isa = XCBuildConfiguration;
			buildSettings = {
				ASSETCATALOG_COMPILER_APPICON_NAME = AppIcon;
				ASSETCATALOG_COMPILER_GLOBAL_ACCENT_COLOR_NAME = AccentColor;
				CODE_SIGN_STYLE = Automatic;
				DEVELOPMENT_ASSET_PATHS = "\"ScanAndRecognizeText/Preview Content\"";
				DEVELOPMENT_TEAM = 9BTCAVN99V;
				ENABLE_PREVIEWS = YES;
				INFOPLIST_FILE = ScanAndRecognizeText/Info.plist;
				IPHONEOS_DEPLOYMENT_TARGET = 14.0;
				LD_RUNPATH_SEARCH_PATHS = (
					"$(inherited)",
					"@executable_path/Frameworks",
				);
				PRODUCT_BUNDLE_IDENTIFIER = com.appcoda.ScanAndRecognizeText;
				PRODUCT_NAME = "$(TARGET_NAME)";
				SWIFT_VERSION = 5.0;
				TARGETED_DEVICE_FAMILY = "1,2";
			};
			name = Debug;
		};
		C068CD9A25EAB78A001C5AA9 /* Release */ = {
			isa = XCBuildConfiguration;
			buildSettings = {
				ASSETCATALOG_COMPILER_APPICON_NAME = AppIcon;
				ASSETCATALOG_COMPILER_GLOBAL_ACCENT_COLOR_NAME = AccentColor;
				CODE_SIGN_STYLE = Automatic;
				DEVELOPMENT_ASSET_PATHS = "\"ScanAndRecognizeText/Preview Content\"";
				DEVELOPMENT_TEAM = 9BTCAVN99V;
				ENABLE_PREVIEWS = YES;
				INFOPLIST_FILE = ScanAndRecognizeText/Info.plist;
				IPHONEOS_DEPLOYMENT_TARGET = 14.0;
				LD_RUNPATH_SEARCH_PATHS = (
					"$(inherited)",
					"@executable_path/Frameworks",
				);
				PRODUCT_BUNDLE_IDENTIFIER = com.appcoda.ScanAndRecognizeText;
				PRODUCT_NAME = "$(TARGET_NAME)";
				SWIFT_VERSION = 5.0;
				TARGETED_DEVICE_FAMILY = "1,2";
			};
			name = Release;
		};
/* End XCBuildConfiguration section */

/* Begin XCConfigurationList section */
		C068CD8425EAB787001C5AA9 /* Build configuration list for PBXProject "ScanAndRecognizeText" */ = {
			isa = XCConfigurationList;
			buildConfigurations = (
				C068CD9625EAB78A001C5AA9 /* Debug */,
				C068CD9725EAB78A001C5AA9 /* Release */,
			);
			defaultConfigurationIsVisible = 0;
			defaultConfigurationName = Release;
		};
		C068CD9825EAB78A001C5AA9 /* Build configuration list for PBXNativeTarget "ScanAndRecognizeText" */ = {
			isa = XCConfigurationList;
			buildConfigurations = (
				C068CD9925EAB78A001C5AA9 /* Debug */,
				C068CD9A25EAB78A001C5AA9 /* Release */,
			);
			defaultConfigurationIsVisible = 0;
			defaultConfigurationName = Release;
		};
/* End XCConfigurationList section */
	};
	rootObject = C068CD8125EAB786001C5AA9 /* Project object */;
}
